
Microsoft Visual Studio Solution File, Format Version 12.00
# Visual Studio Version 16
VisualStudioVersion = 16.0.29806.167
MinimumVisualStudioVersion = 10.0.40219.1
Project("{9A19103F-16F7-4668-BE54-9A1E7A4F7556}") = "tymer", "tymer.csproj", "{EAFEFD78-E791-4E14-8C8D-3486D5F39C59}"
EndProject
Global
	GlobalSection(SolutionConfigurationPlatforms) = preSolution
		Debug|Any CPU = Debug|Any CPU
		Release|Any CPU = Release|Any CPU
	EndGlobalSection
	GlobalSection(ProjectConfigurationPlatforms) = postSolution
		{EAFEFD78-E791-4E14-8C8D-3486D5F39C59}.Debug|Any CPU.ActiveCfg = Debug|Any CPU
		{EAFEFD78-E791-4E14-8C8D-3486D5F39C59}.Debug|Any CPU.Build.0 = Debug|Any CPU
		{EAFEFD78-E791-4E14-8C8D-3486D5F39C59}.Release|Any CPU.ActiveCfg = Release|Any CPU
		{EAFEFD78-E791-4E14-8C8D-3486D5F39C59}.Release|Any CPU.Build.0 = Release|Any CPU
	EndGlobalSection
	GlobalSection(SolutionProperties) = preSolution
		HideSolutionNode = FALSE
	EndGlobalSection
	GlobalSection(ExtensibilityGlobals) = postSolution
		SolutionGuid = {C5A40541-E7CF-483B-8970-142E23F95630}
	EndGlobalSection
EndGlobal
